
Microsoft Visual Studio Solution File, Format Version 12.00
# Visual Studio Version 17
VisualStudioVersion = 17.14.36915.13 d17.14
MinimumVisualStudioVersion = 10.0.40219.1
Project("{FAE04EC0-301F-11D3-BF4B-00C04F79EFBC}") = "PrimitiveObsession.Reference", "PrimitiveObsession.Reference.csproj", "{8657CBFB-64FB-5819-F64B-B46D06176271}"
EndProject
Global
	GlobalSection(SolutionConfigurationPlatforms) = preSolution
		Debug|Any CPU = Debug|Any CPU
		Release|Any CPU = Release|Any CPU
	EndGlobalSection
	GlobalSection(ProjectConfigurationPlatforms) = postSolution
		{8657CBFB-64FB-5819-F64B-B46D06176271}.Debug|Any CPU.ActiveCfg = Debug|Any CPU
		{8657CBFB-64FB-5819-F64B-B46D06176271}.Debug|Any CPU.Build.0 = Debug|Any CPU
		{8657CBFB-64FB-5819-F64B-B46D06176271}.Release|Any CPU.ActiveCfg = Release|Any CPU
		{8657CBFB-64FB-5819-F64B-B46D06176271}.Release|Any CPU.Build.0 = Release|Any CPU
	EndGlobalSection
	GlobalSection(SolutionProperties) = preSolution
		HideSolutionNode = FALSE
	EndGlobalSection
	GlobalSection(ExtensibilityGlobals) = postSolution
		SolutionGuid = {F60513A9-249B-4097-98AB-E0ACCF154ECD}
	EndGlobalSection
EndGlobal
